
Microsoft Visual Studio Solution File, Format Version 12.00
# Visual Studio Version 16
VisualStudioVersion = 16.0.29111.141
MinimumVisualStudioVersion = 10.0.40219.1
Project("{FAE04EC0-301F-11D3-BF4B-00C04F79EFBC}") = "PartnerDashboardImport", "PartnerDashboardImport\PartnerDashboardImport.csproj", "{254914FA-678B-421D-A7C0-155AE49A9BDE}"
EndProject
Global
	GlobalSection(SolutionConfigurationPlatforms) = preSolution
		Debug|Any CPU = Debug|Any CPU
		Release|Any CPU = Release|Any CPU
	EndGlobalSection
	GlobalSection(ProjectConfigurationPlatforms) = postSolution
		{254914FA-678B-421D-A7C0-155AE49A9BDE}.Debug|Any CPU.ActiveCfg = Debug|Any CPU
		{254914FA-678B-421D-A7C0-155AE49A9BDE}.Debug|Any CPU.Build.0 = Debug|Any CPU
		{254914FA-678B-421D-A7C0-155AE49A9BDE}.Release|Any CPU.ActiveCfg = Release|Any CPU
		{254914FA-678B-421D-A7C0-155AE49A9BDE}.Release|Any CPU.Build.0 = Release|Any CPU
	EndGlobalSection
	GlobalSection(SolutionProperties) = preSolution
		HideSolutionNode = FALSE
	EndGlobalSection
	GlobalSection(ExtensibilityGlobals) = postSolution
		SolutionGuid = {33510D56-B483-4288-ACA2-BD19FE8CB8DF}
	EndGlobalSection
EndGlobal
